
Microsoft Visual Studio Solution File, Format Version 12.00
# Visual Studio 15
VisualStudioVersion = 15.0.26430.16
MinimumVisualStudioVersion = 10.0.40219.1
Project("{FAE04EC0-301F-11D3-BF4B-00C04F79EFBC}") = "Maximum Element", "Maximum Element\Maximum Element.csproj", "{39338A4F-80AE-4B2A-B0C6-8D0BAEE6DCBD}"
EndProject
Global
	GlobalSection(SolutionConfigurationPlatforms) = preSolution
		Debug|Any CPU = Debug|Any CPU
		Release|Any CPU = Release|Any CPU
	EndGlobalSection
	GlobalSection(ProjectConfigurationPlatforms) = postSolution
		{39338A4F-80AE-4B2A-B0C6-8D0BAEE6DCBD}.Debug|Any CPU.ActiveCfg = Debug|Any CPU
		{39338A4F-80AE-4B2A-B0C6-8D0BAEE6DCBD}.Debug|Any CPU.Build.0 = Debug|Any CPU
		{39338A4F-80AE-4B2A-B0C6-8D0BAEE6DCBD}.Release|Any CPU.ActiveCfg = Release|Any CPU
		{39338A4F-80AE-4B2A-B0C6-8D0BAEE6DCBD}.Release|Any CPU.Build.0 = Release|Any CPU
	EndGlobalSection
	GlobalSection(SolutionProperties) = preSolution
		HideSolutionNode = FALSE
	EndGlobalSection
EndGlobal
