
Microsoft Visual Studio Solution File, Format Version 12.00
# Visual Studio 15
VisualStudioVersion = 15.0.27130.2024
MinimumVisualStudioVersion = 10.0.40219.1
Project("{FAE04EC0-301F-11D3-BF4B-00C04F79EFBC}") = "Day 29 - Bitwise AND", "Day 29 - Bitwise AND\Day 29 - Bitwise AND.csproj", "{3AC79BD0-5F64-4013-9F70-944D00850795}"
EndProject
Global
	GlobalSection(SolutionConfigurationPlatforms) = preSolution
		Debug|Any CPU = Debug|Any CPU
		Release|Any CPU = Release|Any CPU
	EndGlobalSection
	GlobalSection(ProjectConfigurationPlatforms) = postSolution
		{3AC79BD0-5F64-4013-9F70-944D00850795}.Debug|Any CPU.ActiveCfg = Debug|Any CPU
		{3AC79BD0-5F64-4013-9F70-944D00850795}.Debug|Any CPU.Build.0 = Debug|Any CPU
		{3AC79BD0-5F64-4013-9F70-944D00850795}.Release|Any CPU.ActiveCfg = Release|Any CPU
		{3AC79BD0-5F64-4013-9F70-944D00850795}.Release|Any CPU.Build.0 = Release|Any CPU
	EndGlobalSection
	GlobalSection(SolutionProperties) = preSolution
		HideSolutionNode = FALSE
	EndGlobalSection
	GlobalSection(ExtensibilityGlobals) = postSolution
		SolutionGuid = {2E94E67A-40FF-46F3-B546-B9D21B69A05B}
	EndGlobalSection
EndGlobal
