
Microsoft Visual Studio Solution File, Format Version 12.00
# Visual Studio 15
VisualStudioVersion = 15.0.27130.2024
MinimumVisualStudioVersion = 10.0.40219.1
Project("{FAE04EC0-301F-11D3-BF4B-00C04F79EFBC}") = "Day1 - Data Types", "Day1 - Data Types\Day1 - Data Types.csproj", "{C6C70983-3BFD-425B-8A6A-D8947581C17C}"
EndProject
Global
	GlobalSection(SolutionConfigurationPlatforms) = preSolution
		Debug|Any CPU = Debug|Any CPU
		Release|Any CPU = Release|Any CPU
	EndGlobalSection
	GlobalSection(ProjectConfigurationPlatforms) = postSolution
		{C6C70983-3BFD-425B-8A6A-D8947581C17C}.Debug|Any CPU.ActiveCfg = Debug|Any CPU
		{C6C70983-3BFD-425B-8A6A-D8947581C17C}.Debug|Any CPU.Build.0 = Debug|Any CPU
		{C6C70983-3BFD-425B-8A6A-D8947581C17C}.Release|Any CPU.ActiveCfg = Release|Any CPU
		{C6C70983-3BFD-425B-8A6A-D8947581C17C}.Release|Any CPU.Build.0 = Release|Any CPU
	EndGlobalSection
	GlobalSection(SolutionProperties) = preSolution
		HideSolutionNode = FALSE
	EndGlobalSection
	GlobalSection(ExtensibilityGlobals) = postSolution
		SolutionGuid = {C4048629-7063-49F5-A4C3-1568975721D3}
	EndGlobalSection
EndGlobal
