
Microsoft Visual Studio Solution File, Format Version 12.00
# Visual Studio Version 16
VisualStudioVersion = 16.0.29102.190
MinimumVisualStudioVersion = 10.0.40219.1
Project("{FAE04EC0-301F-11D3-BF4B-00C04F79EFBC}") = "Combo Meal", "Combo Meal.csproj", "{9ACD7AB9-F52F-4AF7-B28E-611E6C9EE134}"
EndProject
Global
	GlobalSection(SolutionConfigurationPlatforms) = preSolution
		Debug|Any CPU = Debug|Any CPU
		Release|Any CPU = Release|Any CPU
	EndGlobalSection
	GlobalSection(ProjectConfigurationPlatforms) = postSolution
		{9ACD7AB9-F52F-4AF7-B28E-611E6C9EE134}.Debug|Any CPU.ActiveCfg = Debug|Any CPU
		{9ACD7AB9-F52F-4AF7-B28E-611E6C9EE134}.Debug|Any CPU.Build.0 = Debug|Any CPU
		{9ACD7AB9-F52F-4AF7-B28E-611E6C9EE134}.Release|Any CPU.ActiveCfg = Release|Any CPU
		{9ACD7AB9-F52F-4AF7-B28E-611E6C9EE134}.Release|Any CPU.Build.0 = Release|Any CPU
	EndGlobalSection
	GlobalSection(SolutionProperties) = preSolution
		HideSolutionNode = FALSE
	EndGlobalSection
	GlobalSection(ExtensibilityGlobals) = postSolution
		SolutionGuid = {CE8E04D6-AD2B-4B33-BBCB-A204963761FE}
	EndGlobalSection
EndGlobal
