
Microsoft Visual Studio Solution File, Format Version 12.00
# Visual Studio 15
VisualStudioVersion = 15.0.27130.2024
MinimumVisualStudioVersion = 10.0.40219.1
Project("{FAE04EC0-301F-11D3-BF4B-00C04F79EFBC}") = "Cut Board", "Cut Board\Cut Board.csproj", "{D3708340-5F12-494A-B569-9202EE7F148C}"
EndProject
Global
	GlobalSection(SolutionConfigurationPlatforms) = preSolution
		Debug|Any CPU = Debug|Any CPU
		Release|Any CPU = Release|Any CPU
	EndGlobalSection
	GlobalSection(ProjectConfigurationPlatforms) = postSolution
		{D3708340-5F12-494A-B569-9202EE7F148C}.Debug|Any CPU.ActiveCfg = Debug|Any CPU
		{D3708340-5F12-494A-B569-9202EE7F148C}.Debug|Any CPU.Build.0 = Debug|Any CPU
		{D3708340-5F12-494A-B569-9202EE7F148C}.Release|Any CPU.ActiveCfg = Release|Any CPU
		{D3708340-5F12-494A-B569-9202EE7F148C}.Release|Any CPU.Build.0 = Release|Any CPU
	EndGlobalSection
	GlobalSection(SolutionProperties) = preSolution
		HideSolutionNode = FALSE
	EndGlobalSection
	GlobalSection(ExtensibilityGlobals) = postSolution
		SolutionGuid = {AAB553BC-8536-4609-A28F-7E6ECB727CED}
	EndGlobalSection
EndGlobal
