
Microsoft Visual Studio Solution File, Format Version 12.00
# Visual Studio Version 16
VisualStudioVersion = 16.0.30907.101
MinimumVisualStudioVersion = 10.0.40219.1
Project("{FAE04EC0-301F-11D3-BF4B-00C04F79EFBC}") = "Summing the N series", "Summing the N series.csproj", "{A940EE2E-DF50-4287-B20C-F872E1F9FA6A}"
EndProject
Global
	GlobalSection(SolutionConfigurationPlatforms) = preSolution
		Debug|Any CPU = Debug|Any CPU
		Release|Any CPU = Release|Any CPU
	EndGlobalSection
	GlobalSection(ProjectConfigurationPlatforms) = postSolution
		{A940EE2E-DF50-4287-B20C-F872E1F9FA6A}.Debug|Any CPU.ActiveCfg = Debug|Any CPU
		{A940EE2E-DF50-4287-B20C-F872E1F9FA6A}.Debug|Any CPU.Build.0 = Debug|Any CPU
		{A940EE2E-DF50-4287-B20C-F872E1F9FA6A}.Release|Any CPU.ActiveCfg = Release|Any CPU
		{A940EE2E-DF50-4287-B20C-F872E1F9FA6A}.Release|Any CPU.Build.0 = Release|Any CPU
	EndGlobalSection
	GlobalSection(SolutionProperties) = preSolution
		HideSolutionNode = FALSE
	EndGlobalSection
	GlobalSection(ExtensibilityGlobals) = postSolution
		SolutionGuid = {57D6C4EC-95F9-42B9-98AC-0EB410899EE9}
	EndGlobalSection
EndGlobal
