
Microsoft Visual Studio Solution File, Format Version 12.00
# Visual Studio 15
VisualStudioVersion = 15.0.27130.2024
MinimumVisualStudioVersion = 10.0.40219.1
Project("{FAE04EC0-301F-11D3-BF4B-00C04F79EFBC}") = "Revised Russian Roulette", "Revised Russian Roulette\Revised Russian Roulette.csproj", "{6E01B311-DB94-44E9-ABB0-C68D2E164270}"
EndProject
Global
	GlobalSection(SolutionConfigurationPlatforms) = preSolution
		Debug|Any CPU = Debug|Any CPU
		Release|Any CPU = Release|Any CPU
	EndGlobalSection
	GlobalSection(ProjectConfigurationPlatforms) = postSolution
		{6E01B311-DB94-44E9-ABB0-C68D2E164270}.Debug|Any CPU.ActiveCfg = Debug|Any CPU
		{6E01B311-DB94-44E9-ABB0-C68D2E164270}.Debug|Any CPU.Build.0 = Debug|Any CPU
		{6E01B311-DB94-44E9-ABB0-C68D2E164270}.Release|Any CPU.ActiveCfg = Release|Any CPU
		{6E01B311-DB94-44E9-ABB0-C68D2E164270}.Release|Any CPU.Build.0 = Release|Any CPU
	EndGlobalSection
	GlobalSection(SolutionProperties) = preSolution
		HideSolutionNode = FALSE
	EndGlobalSection
	GlobalSection(ExtensibilityGlobals) = postSolution
		SolutionGuid = {AC10F630-0210-4B30-9A76-C7ADE779DAE5}
	EndGlobalSection
EndGlobal
