
Microsoft Visual Studio Solution File, Format Version 12.00
# Visual Studio 15
VisualStudioVersion = 15.0.27130.2024
MinimumVisualStudioVersion = 10.0.40219.1
Project("{FAE04EC0-301F-11D3-BF4B-00C04F79EFBC}") = "Day 7 - Arrays", "Day 7 - Arrays\Day 7 - Arrays.csproj", "{04053E52-5B7E-4E16-AD03-FA58FDB4CCB1}"
EndProject
Global
	GlobalSection(SolutionConfigurationPlatforms) = preSolution
		Debug|Any CPU = Debug|Any CPU
		Release|Any CPU = Release|Any CPU
	EndGlobalSection
	GlobalSection(ProjectConfigurationPlatforms) = postSolution
		{04053E52-5B7E-4E16-AD03-FA58FDB4CCB1}.Debug|Any CPU.ActiveCfg = Debug|Any CPU
		{04053E52-5B7E-4E16-AD03-FA58FDB4CCB1}.Debug|Any CPU.Build.0 = Debug|Any CPU
		{04053E52-5B7E-4E16-AD03-FA58FDB4CCB1}.Release|Any CPU.ActiveCfg = Release|Any CPU
		{04053E52-5B7E-4E16-AD03-FA58FDB4CCB1}.Release|Any CPU.Build.0 = Release|Any CPU
	EndGlobalSection
	GlobalSection(SolutionProperties) = preSolution
		HideSolutionNode = FALSE
	EndGlobalSection
	GlobalSection(ExtensibilityGlobals) = postSolution
		SolutionGuid = {E8EB265A-ACF5-48CA-9E20-351FC1972CD7}
	EndGlobalSection
EndGlobal
