
Microsoft Visual Studio Solution File, Format Version 12.00
# Visual Studio 15
VisualStudioVersion = 15.0.27130.2024
MinimumVisualStudioVersion = 10.0.40219.1
Project("{FAE04EC0-301F-11D3-BF4B-00C04F79EFBC}") = "Day 11 - 2D Arrays", "Day 11 - 2D Arrays\Day 11 - 2D Arrays.csproj", "{BCA54618-2C50-4C43-98DC-712C31EF907B}"
EndProject
Global
	GlobalSection(SolutionConfigurationPlatforms) = preSolution
		Debug|Any CPU = Debug|Any CPU
		Release|Any CPU = Release|Any CPU
	EndGlobalSection
	GlobalSection(ProjectConfigurationPlatforms) = postSolution
		{BCA54618-2C50-4C43-98DC-712C31EF907B}.Debug|Any CPU.ActiveCfg = Debug|Any CPU
		{BCA54618-2C50-4C43-98DC-712C31EF907B}.Debug|Any CPU.Build.0 = Debug|Any CPU
		{BCA54618-2C50-4C43-98DC-712C31EF907B}.Release|Any CPU.ActiveCfg = Release|Any CPU
		{BCA54618-2C50-4C43-98DC-712C31EF907B}.Release|Any CPU.Build.0 = Release|Any CPU
	EndGlobalSection
	GlobalSection(SolutionProperties) = preSolution
		HideSolutionNode = FALSE
	EndGlobalSection
	GlobalSection(ExtensibilityGlobals) = postSolution
		SolutionGuid = {D0E45E9D-92EA-45F9-97A8-F84006150A83}
	EndGlobalSection
EndGlobal
