
Microsoft Visual Studio Solution File, Format Version 12.00
# Visual Studio Version 16
VisualStudioVersion = 16.0.30907.101
MinimumVisualStudioVersion = 10.0.40219.1
Project("{FAE04EC0-301F-11D3-BF4B-00C04F79EFBC}") = "Restaurant", "Restaurant.csproj", "{C10EBCC9-F9D2-472C-A3EA-C7E169494EAB}"
EndProject
Global
	GlobalSection(SolutionConfigurationPlatforms) = preSolution
		Debug|Any CPU = Debug|Any CPU
		Release|Any CPU = Release|Any CPU
	EndGlobalSection
	GlobalSection(ProjectConfigurationPlatforms) = postSolution
		{C10EBCC9-F9D2-472C-A3EA-C7E169494EAB}.Debug|Any CPU.ActiveCfg = Debug|Any CPU
		{C10EBCC9-F9D2-472C-A3EA-C7E169494EAB}.Debug|Any CPU.Build.0 = Debug|Any CPU
		{C10EBCC9-F9D2-472C-A3EA-C7E169494EAB}.Release|Any CPU.ActiveCfg = Release|Any CPU
		{C10EBCC9-F9D2-472C-A3EA-C7E169494EAB}.Release|Any CPU.Build.0 = Release|Any CPU
	EndGlobalSection
	GlobalSection(SolutionProperties) = preSolution
		HideSolutionNode = FALSE
	EndGlobalSection
	GlobalSection(ExtensibilityGlobals) = postSolution
		SolutionGuid = {6E6F1D00-EF05-423D-B8C7-0BC230E9DDBB}
	EndGlobalSection
EndGlobal
